
Microsoft Visual Studio Solution File, Format Version 12.00
# Visual Studio Version 16
VisualStudioVersion = 16.0.29503.13
MinimumVisualStudioVersion = 10.0.40219.1
Project("{FAE04EC0-301F-11D3-BF4B-00C04F79EFBC}") = "MptHelperDisShed", "MptHelperDisShed\MptHelperDisShed.csproj", "{C3E9FAA1-9743-4B35-8060-D48DA9E53F96}"
EndProject
Global
	GlobalSection(SolutionConfigurationPlatforms) = preSolution
		Debug|Any CPU = Debug|Any CPU
		Release|Any CPU = Release|Any CPU
	EndGlobalSection
	GlobalSection(ProjectConfigurationPlatforms) = postSolution
		{C3E9FAA1-9743-4B35-8060-D48DA9E53F96}.Debug|Any CPU.ActiveCfg = Debug|Any CPU
		{C3E9FAA1-9743-4B35-8060-D48DA9E53F96}.Debug|Any CPU.Build.0 = Debug|Any CPU
		{C3E9FAA1-9743-4B35-8060-D48DA9E53F96}.Release|Any CPU.ActiveCfg = Release|Any CPU
		{C3E9FAA1-9743-4B35-8060-D48DA9E53F96}.Release|Any CPU.Build.0 = Release|Any CPU
	EndGlobalSection
	GlobalSection(SolutionProperties) = preSolution
		HideSolutionNode = FALSE
	EndGlobalSection
	GlobalSection(ExtensibilityGlobals) = postSolution
		SolutionGuid = {DB18E8E4-194F-4698-99C6-987414F6FC6C}
	EndGlobalSection
EndGlobal
